// !$*UTF8*$!
{
	archiveVersion = 1;
	classes = {
	};
	objectVersion = 46;
	objects = {

/* Begin PBXBuildFile section */
		A9054A191D18CDBF00B30AFA /* OCMythicalDragon.m in Sources */ = {isa = PBXBuildFile; fileRef = A9054A181D18CDBF00B30AFA /* OCMythicalDragon.m */; };
		A9054A1C1D18D47F00B30AFA /* DragonName_ViewController.m in Sources */ = {isa = PBXBuildFile; fileRef = A9054A1B1D18D47F00B30AFA /* DragonName_ViewController.m */; };
		A9054A1D1D194F0900B30AFA /* Main.storyboard in Resources */ = {isa = PBXBuildFile; fileRef = A98D601A1CEE648E008F4AE7 /* Main.storyboard */; };
		A9054A221D1A175A00B30AFA /* slifer.jpg in Resources */ = {isa = PBXBuildFile; fileRef = A9054A211D1A175A00B30AFA /* slifer.jpg */; };
		A91267F31D07598E00CC24C7 /* DragonList_ViewController.m in Sources */ = {isa = PBXBuildFile; fileRef = A91267F21D07598E00CC24C7 /* DragonList_ViewController.m */; };
		A92F4DDC1CEF50BE00BB7FC1 /* Base_ViewController.m in Sources */ = {isa = PBXBuildFile; fileRef = A92F4DDB1CEF50BE00BB7FC1 /* Base_ViewController.m */; };
		A92F4DDE1CEF538100BB7FC1 /* pokemon_dp_map.png in Resources */ = {isa = PBXBuildFile; fileRef = A92F4DDD1CEF538100BB7FC1 /* pokemon_dp_map.png */; };
		A93208851CFF4D12004DB9B7 /* OCDragonStats.m in Sources */ = {isa = PBXBuildFile; fileRef = A93208841CFF4D12004DB9B7 /* OCDragonStats.m */; };
		A93522EC1CFD08CB00A36F98 /* OCRegion.m in Sources */ = {isa = PBXBuildFile; fileRef = A93522EB1CFD08CB00A36F98 /* OCRegion.m */; };
		A93A921A1CFFB1B3006FFBBC /* Region_ViewController.m in Sources */ = {isa = PBXBuildFile; fileRef = A93A92191CFFB1B3006FFBBC /* Region_ViewController.m */; };
		A978B6AF1D03B26B004311FC /* OCBuilding.m in Sources */ = {isa = PBXBuildFile; fileRef = A978B6AE1D03B26B004311FC /* OCBuilding.m */; };
		A978B6B21D03B90C004311FC /* OCBase.m in Sources */ = {isa = PBXBuildFile; fileRef = A978B6B11D03B90C004311FC /* OCBase.m */; };
		A97915A51D00BFCC00F0951D /* dragon_sample.jpg in Resources */ = {isa = PBXBuildFile; fileRef = A97915A41D00BFCC00F0951D /* dragon_sample.jpg */; };
		A97B71891CFC6FA800192C32 /* OCMultiplierSkill.m in Sources */ = {isa = PBXBuildFile; fileRef = A97B71881CFC6FA800192C32 /* OCMultiplierSkill.m */; };
		A98D60131CEE648E008F4AE7 /* main.m in Sources */ = {isa = PBXBuildFile; fileRef = A98D60121CEE648E008F4AE7 /* main.m */; };
		A98D60161CEE648E008F4AE7 /* AppDelegate.m in Sources */ = {isa = PBXBuildFile; fileRef = A98D60151CEE648E008F4AE7 /* AppDelegate.m */; };
		A98D601E1CEE648E008F4AE7 /* Assets.xcassets in Resources */ = {isa = PBXBuildFile; fileRef = A98D601D1CEE648E008F4AE7 /* Assets.xcassets */; };
		A98D60211CEE648E008F4AE7 /* LaunchScreen.storyboard in Resources */ = {isa = PBXBuildFile; fileRef = A98D601F1CEE648E008F4AE7 /* LaunchScreen.storyboard */; };
		A98D602C1CEE648E008F4AE7 /* dragonite_project_iosTests.m in Sources */ = {isa = PBXBuildFile; fileRef = A98D602B1CEE648E008F4AE7 /* dragonite_project_iosTests.m */; };
		A98D60371CEE648E008F4AE7 /* dragonite_project_iosUITests.m in Sources */ = {isa = PBXBuildFile; fileRef = A98D60361CEE648E008F4AE7 /* dragonite_project_iosUITests.m */; };
		A98D60461CEE6D29008F4AE7 /* Map_ViewController.m in Sources */ = {isa = PBXBuildFile; fileRef = A98D60451CEE6D29008F4AE7 /* Map_ViewController.m */; };
		A98D60491CEE6E14008F4AE7 /* Settings_ViewController.m in Sources */ = {isa = PBXBuildFile; fileRef = A98D60481CEE6E14008F4AE7 /* Settings_ViewController.m */; };
		A98D604C1CEE7C22008F4AE7 /* LoadingScreen_ViewController.m in Sources */ = {isa = PBXBuildFile; fileRef = A98D604B1CEE7C22008F4AE7 /* LoadingScreen_ViewController.m */; };
		A99BB4D01D0C90FD00FD11B4 /* witch_king.png in Resources */ = {isa = PBXBuildFile; fileRef = A99BB4CF1D0C90FD00FD11B4 /* witch_king.png */; };
		A99BB4D21D0CC3F100FD11B4 /* main_map.png in Resources */ = {isa = PBXBuildFile; fileRef = A99BB4D11D0CC3F100FD11B4 /* main_map.png */; };
		A9C2FBCF1D13532000B65069 /* OCAchievement.m in Sources */ = {isa = PBXBuildFile; fileRef = A9C2FBCE1D13532000B65069 /* OCAchievement.m */; };
		A9CAF44D1CFC855000D8C1E1 /* OCDragon.m in Sources */ = {isa = PBXBuildFile; fileRef = A9CAF44A1CFC855000D8C1E1 /* OCDragon.m */; };
		A9CAF44E1CFC855000D8C1E1 /* OCPlayer.m in Sources */ = {isa = PBXBuildFile; fileRef = A9CAF44C1CFC855000D8C1E1 /* OCPlayer.m */; };
		A9CAF4531CFC85A700D8C1E1 /* OCCharacter.m in Sources */ = {isa = PBXBuildFile; fileRef = A9CAF4521CFC85A700D8C1E1 /* OCCharacter.m */; };
		A9CAF4561CFC8B3B00D8C1E1 /* OCQuest.m in Sources */ = {isa = PBXBuildFile; fileRef = A9CAF4551CFC8B3B00D8C1E1 /* OCQuest.m */; };
		A9CAF4591CFC91C400D8C1E1 /* OCDragonQuestInfo.m in Sources */ = {isa = PBXBuildFile; fileRef = A9CAF4581CFC91C400D8C1E1 /* OCDragonQuestInfo.m */; };
		A9E2EC871CFA7C2A0003F433 /* OCskill.m in Sources */ = {isa = PBXBuildFile; fileRef = A9E2EC861CFA7C2A0003F433 /* OCskill.m */; };
/* End PBXBuildFile section */

/* Begin PBXContainerItemProxy section */
		A98D60281CEE648E008F4AE7 /* PBXContainerItemProxy */ = {
			isa = PBXContainerItemProxy;
			containerPortal = A98D60061CEE648E008F4AE7 /* Project object */;
			proxyType = 1;
			remoteGlobalIDString = A98D600D1CEE648E008F4AE7;
			remoteInfo = dragonite_project_ios;
		};
		A98D60331CEE648E008F4AE7 /* PBXContainerItemProxy */ = {
			isa = PBXContainerItemProxy;
			containerPortal = A98D60061CEE648E008F4AE7 /* Project object */;
			proxyType = 1;
			remoteGlobalIDString = A98D600D1CEE648E008F4AE7;
			remoteInfo = dragonite_project_ios;
		};
/* End PBXContainerItemProxy section */

/* Begin PBXFileReference section */
		A9054A171D18CDBF00B30AFA /* OCMythicalDragon.h */ = {isa = PBXFileReference; fileEncoding = 4; lastKnownFileType = sourcecode.c.h; path = OCMythicalDragon.h; sourceTree = "<group>"; };
		A9054A181D18CDBF00B30AFA /* OCMythicalDragon.m */ = {isa = PBXFileReference; fileEncoding = 4; lastKnownFileType = sourcecode.c.objc; path = OCMythicalDragon.m; sourceTree = "<group>"; };
		A9054A1A1D18D47F00B30AFA /* DragonName_ViewController.h */ = {isa = PBXFileReference; fileEncoding = 4; lastKnownFileType = sourcecode.c.h; path = DragonName_ViewController.h; sourceTree = "<group>"; };
		A9054A1B1D18D47F00B30AFA /* DragonName_ViewController.m */ = {isa = PBXFileReference; fileEncoding = 4; lastKnownFileType = sourcecode.c.objc; path = DragonName_ViewController.m; sourceTree = "<group>"; };
		A9054A211D1A175A00B30AFA /* slifer.jpg */ = {isa = PBXFileReference; lastKnownFileType = image.jpeg; path = slifer.jpg; sourceTree = "<group>"; };
		A91267F11D07598E00CC24C7 /* DragonList_ViewController.h */ = {isa = PBXFileReference; fileEncoding = 4; lastKnownFileType = sourcecode.c.h; path = DragonList_ViewController.h; sourceTree = "<group>"; };
		A91267F21D07598E00CC24C7 /* DragonList_ViewController.m */ = {isa = PBXFileReference; fileEncoding = 4; lastKnownFileType = sourcecode.c.objc; path = DragonList_ViewController.m; sourceTree = "<group>"; };
		A92F4DDA1CEF50BE00BB7FC1 /* Base_ViewController.h */ = {isa = PBXFileReference; fileEncoding = 4; lastKnownFileType = sourcecode.c.h; path = Base_ViewController.h; sourceTree = "<group>"; };
		A92F4DDB1CEF50BE00BB7FC1 /* Base_ViewController.m */ = {isa = PBXFileReference; fileEncoding = 4; lastKnownFileType = sourcecode.c.objc; path = Base_ViewController.m; sourceTree = "<group>"; };
		A92F4DDD1CEF538100BB7FC1 /* pokemon_dp_map.png */ = {isa = PBXFileReference; lastKnownFileType = image.png; path = pokemon_dp_map.png; sourceTree = "<group>"; };
		A93208831CFF4D12004DB9B7 /* OCDragonStats.h */ = {isa = PBXFileReference; fileEncoding = 4; lastKnownFileType = sourcecode.c.h; path = OCDragonStats.h; sourceTree = "<group>"; };
		A93208841CFF4D12004DB9B7 /* OCDragonStats.m */ = {isa = PBXFileReference; fileEncoding = 4; lastKnownFileType = sourcecode.c.objc; path = OCDragonStats.m; sourceTree = "<group>"; };
		A93522EA1CFD08CB00A36F98 /* OCRegion.h */ = {isa = PBXFileReference; fileEncoding = 4; lastKnownFileType = sourcecode.c.h; path = OCRegion.h; sourceTree = "<group>"; };
		A93522EB1CFD08CB00A36F98 /* OCRegion.m */ = {isa = PBXFileReference; fileEncoding = 4; lastKnownFileType = sourcecode.c.objc; path = OCRegion.m; sourceTree = "<group>"; };
		A93A92181CFFB1B3006FFBBC /* Region_ViewController.h */ = {isa = PBXFileReference; fileEncoding = 4; lastKnownFileType = sourcecode.c.h; path = Region_ViewController.h; sourceTree = "<group>"; };
		A93A92191CFFB1B3006FFBBC /* Region_ViewController.m */ = {isa = PBXFileReference; fileEncoding = 4; lastKnownFileType = sourcecode.c.objc; path = Region_ViewController.m; sourceTree = "<group>"; };
		A978B6AD1D03B26B004311FC /* OCBuilding.h */ = {isa = PBXFileReference; fileEncoding = 4; lastKnownFileType = sourcecode.c.h; path = OCBuilding.h; sourceTree = "<group>"; };
		A978B6AE1D03B26B004311FC /* OCBuilding.m */ = {isa = PBXFileReference; fileEncoding = 4; lastKnownFileType = sourcecode.c.objc; path = OCBuilding.m; sourceTree = "<group>"; };
		A978B6B01D03B90C004311FC /* OCBase.h */ = {isa = PBXFileReference; fileEncoding = 4; lastKnownFileType = sourcecode.c.h; path = OCBase.h; sourceTree = "<group>"; };
		A978B6B11D03B90C004311FC /* OCBase.m */ = {isa = PBXFileReference; fileEncoding = 4; lastKnownFileType = sourcecode.c.objc; path = OCBase.m; sourceTree = "<group>"; };
		A97915A41D00BFCC00F0951D /* dragon_sample.jpg */ = {isa = PBXFileReference; lastKnownFileType = image.jpeg; path = dragon_sample.jpg; sourceTree = "<group>"; };
		A97B71871CFC6FA700192C32 /* OCMultiplierSkill.h */ = {isa = PBXFileReference; fileEncoding = 4; lastKnownFileType = sourcecode.c.h; path = OCMultiplierSkill.h; sourceTree = "<group>"; };
		A97B71881CFC6FA800192C32 /* OCMultiplierSkill.m */ = {isa = PBXFileReference; fileEncoding = 4; lastKnownFileType = sourcecode.c.objc; path = OCMultiplierSkill.m; sourceTree = "<group>"; };
		A98D600E1CEE648E008F4AE7 /* dragonite_project_ios.app */ = {isa = PBXFileReference; explicitFileType = wrapper.application; includeInIndex = 0; path = dragonite_project_ios.app; sourceTree = BUILT_PRODUCTS_DIR; };
		A98D60121CEE648E008F4AE7 /* main.m */ = {isa = PBXFileReference; lastKnownFileType = sourcecode.c.objc; path = main.m; sourceTree = "<group>"; };
		A98D60141CEE648E008F4AE7 /* AppDelegate.h */ = {isa = PBXFileReference; lastKnownFileType = sourcecode.c.h; path = AppDelegate.h; sourceTree = "<group>"; };
		A98D60151CEE648E008F4AE7 /* AppDelegate.m */ = {isa = PBXFileReference; lastKnownFileType = sourcecode.c.objc; path = AppDelegate.m; sourceTree = "<group>"; };
		A98D601B1CEE648E008F4AE7 /* Base */ = {isa = PBXFileReference; lastKnownFileType = file.storyboard; name = Base; path = Base.lproj/Main.storyboard; sourceTree = "<group>"; };
		A98D601D1CEE648E008F4AE7 /* Assets.xcassets */ = {isa = PBXFileReference; lastKnownFileType = folder.assetcatalog; path = Assets.xcassets; sourceTree = "<group>"; };
		A98D60201CEE648E008F4AE7 /* Base */ = {isa = PBXFileReference; lastKnownFileType = file.storyboard; name = Base; path = Base.lproj/LaunchScreen.storyboard; sourceTree = "<group>"; };
		A98D60221CEE648E008F4AE7 /* Info.plist */ = {isa = PBXFileReference; lastKnownFileType = text.plist.xml; path = Info.plist; sourceTree = "<group>"; };
		A98D60271CEE648E008F4AE7 /* dragonite_project_iosTests.xctest */ = {isa = PBXFileReference; explicitFileType = wrapper.cfbundle; includeInIndex = 0; path = dragonite_project_iosTests.xctest; sourceTree = BUILT_PRODUCTS_DIR; };
		A98D602B1CEE648E008F4AE7 /* dragonite_project_iosTests.m */ = {isa = PBXFileReference; lastKnownFileType = sourcecode.c.objc; path = dragonite_project_iosTests.m; sourceTree = "<group>"; };
		A98D602D1CEE648E008F4AE7 /* Info.plist */ = {isa = PBXFileReference; lastKnownFileType = text.plist.xml; path = Info.plist; sourceTree = "<group>"; };
		A98D60321CEE648E008F4AE7 /* dragonite_project_iosUITests.xctest */ = {isa = PBXFileReference; explicitFileType = wrapper.cfbundle; includeInIndex = 0; path = dragonite_project_iosUITests.xctest; sourceTree = BUILT_PRODUCTS_DIR; };
		A98D60361CEE648E008F4AE7 /* dragonite_project_iosUITests.m */ = {isa = PBXFileReference; lastKnownFileType = sourcecode.c.objc; path = dragonite_project_iosUITests.m; sourceTree = "<group>"; };
		A98D60381CEE648E008F4AE7 /* Info.plist */ = {isa = PBXFileReference; lastKnownFileType = text.plist.xml; path = Info.plist; sourceTree = "<group>"; };
		A98D60441CEE6D29008F4AE7 /* Map_ViewController.h */ = {isa = PBXFileReference; fileEncoding = 4; lastKnownFileType = sourcecode.c.h; path = Map_ViewController.h; sourceTree = "<group>"; };
		A98D60451CEE6D29008F4AE7 /* Map_ViewController.m */ = {isa = PBXFileReference; fileEncoding = 4; lastKnownFileType = sourcecode.c.objc; path = Map_ViewController.m; sourceTree = "<group>"; };
		A98D60471CEE6E14008F4AE7 /* Settings_ViewController.h */ = {isa = PBXFileReference; fileEncoding = 4; lastKnownFileType = sourcecode.c.h; path = Settings_ViewController.h; sourceTree = "<group>"; };
		A98D60481CEE6E14008F4AE7 /* Settings_ViewController.m */ = {isa = PBXFileReference; fileEncoding = 4; lastKnownFileType = sourcecode.c.objc; path = Settings_ViewController.m; sourceTree = "<group>"; };
		A98D604A1CEE7C22008F4AE7 /* LoadingScreen_ViewController.h */ = {isa = PBXFileReference; fileEncoding = 4; lastKnownFileType = sourcecode.c.h; path = LoadingScreen_ViewController.h; sourceTree = "<group>"; };
		A98D604B1CEE7C22008F4AE7 /* LoadingScreen_ViewController.m */ = {isa = PBXFileReference; fileEncoding = 4; lastKnownFileType = sourcecode.c.objc; path = LoadingScreen_ViewController.m; sourceTree = "<group>"; };
		A99BB4CF1D0C90FD00FD11B4 /* witch_king.png */ = {isa = PBXFileReference; lastKnownFileType = image.png; path = witch_king.png; sourceTree = "<group>"; };
		A99BB4D11D0CC3F100FD11B4 /* main_map.png */ = {isa = PBXFileReference; lastKnownFileType = image.png; path = main_map.png; sourceTree = "<group>"; };
		A9C2FBCD1D13532000B65069 /* OCAchievement.h */ = {isa = PBXFileReference; fileEncoding = 4; lastKnownFileType = sourcecode.c.h; path = OCAchievement.h; sourceTree = "<group>"; };
		A9C2FBCE1D13532000B65069 /* OCAchievement.m */ = {isa = PBXFileReference; fileEncoding = 4; lastKnownFileType = sourcecode.c.objc; path = OCAchievement.m; sourceTree = "<group>"; };
		A9CAF4491CFC855000D8C1E1 /* OCDragon.h */ = {isa = PBXFileReference; fileEncoding = 4; lastKnownFileType = sourcecode.c.h; path = OCDragon.h; sourceTree = "<group>"; };
		A9CAF44A1CFC855000D8C1E1 /* OCDragon.m */ = {isa = PBXFileReference; fileEncoding = 4; lastKnownFileType = sourcecode.c.objc; path = OCDragon.m; sourceTree = "<group>"; };
		A9CAF44B1CFC855000D8C1E1 /* OCPlayer.h */ = {isa = PBXFileReference; fileEncoding = 4; lastKnownFileType = sourcecode.c.h; path = OCPlayer.h; sourceTree = "<group>"; };
		A9CAF44C1CFC855000D8C1E1 /* OCPlayer.m */ = {isa = PBXFileReference; fileEncoding = 4; lastKnownFileType = sourcecode.c.objc; path = OCPlayer.m; sourceTree = "<group>"; };
		A9CAF44F1CFC859800D8C1E1 /* OCCharacter.h */ = {isa = PBXFileReference; fileEncoding = 4; lastKnownFileType = sourcecode.c.h; path = OCCharacter.h; sourceTree = "<group>"; };
		A9CAF4521CFC85A700D8C1E1 /* OCCharacter.m */ = {isa = PBXFileReference; fileEncoding = 4; lastKnownFileType = sourcecode.c.objc; path = OCCharacter.m; sourceTree = "<group>"; };
		A9CAF4541CFC8B3B00D8C1E1 /* OCQuest.h */ = {isa = PBXFileReference; fileEncoding = 4; lastKnownFileType = sourcecode.c.h; path = OCQuest.h; sourceTree = "<group>"; };
		A9CAF4551CFC8B3B00D8C1E1 /* OCQuest.m */ = {isa = PBXFileReference; fileEncoding = 4; lastKnownFileType = sourcecode.c.objc; path = OCQuest.m; sourceTree = "<group>"; };
		A9CAF4571CFC91C400D8C1E1 /* OCDragonQuestInfo.h */ = {isa = PBXFileReference; fileEncoding = 4; lastKnownFileType = sourcecode.c.h; path = OCDragonQuestInfo.h; sourceTree = "<group>"; };
		A9CAF4581CFC91C400D8C1E1 /* OCDragonQuestInfo.m */ = {isa = PBXFileReference; fileEncoding = 4; lastKnownFileType = sourcecode.c.objc; path = OCDragonQuestInfo.m; sourceTree = "<group>"; };
		A9E2EC851CFA7C2A0003F433 /* OCskill.h */ = {isa = PBXFileReference; fileEncoding = 4; lastKnownFileType = sourcecode.c.h; path = OCskill.h; sourceTree = "<group>"; };
		A9E2EC861CFA7C2A0003F433 /* OCskill.m */ = {isa = PBXFileReference; fileEncoding = 4; lastKnownFileType = sourcecode.c.objc; path = OCskill.m; sourceTree = "<group>"; };
/* End PBXFileReference section */

/* Begin PBXFrameworksBuildPhase section */
		A98D600B1CEE648E008F4AE7 /* Frameworks */ = {
			isa = PBXFrameworksBuildPhase;
			buildActionMask = 2147483647;
			files = (
			);
			runOnlyForDeploymentPostprocessing = 0;
		};
		A98D60241CEE648E008F4AE7 /* Frameworks */ = {
			isa = PBXFrameworksBuildPhase;
			buildActionMask = 2147483647;
			files = (
			);
			runOnlyForDeploymentPostprocessing = 0;
		};
		A98D602F1CEE648E008F4AE7 /* Frameworks */ = {
			isa = PBXFrameworksBuildPhase;
			buildActionMask = 2147483647;
			files = (
			);
			runOnlyForDeploymentPostprocessing = 0;
		};
/* End PBXFrameworksBuildPhase section */

/* Begin PBXGroup section */
		A98D60051CEE648E008F4AE7 = {
			isa = PBXGroup;
			children = (
				A98D60101CEE648E008F4AE7 /* dragonite_project_ios */,
				A98D602A1CEE648E008F4AE7 /* dragonite_project_iosTests */,
				A98D60351CEE648E008F4AE7 /* dragonite_project_iosUITests */,
				A98D600F1CEE648E008F4AE7 /* Products */,
			);
			sourceTree = "<group>";
		};
		A98D600F1CEE648E008F4AE7 /* Products */ = {
			isa = PBXGroup;
			children = (
				A98D600E1CEE648E008F4AE7 /* dragonite_project_ios.app */,
				A98D60271CEE648E008F4AE7 /* dragonite_project_iosTests.xctest */,
				A98D60321CEE648E008F4AE7 /* dragonite_project_iosUITests.xctest */,
			);
			name = Products;
			sourceTree = "<group>";
		};
		A98D60101CEE648E008F4AE7 /* dragonite_project_ios */ = {
			isa = PBXGroup;
			children = (
				A9C2FBCD1D13532000B65069 /* OCAchievement.h */,
				A9C2FBCE1D13532000B65069 /* OCAchievement.m */,
				A9CAF4491CFC855000D8C1E1 /* OCDragon.h */,
				A9CAF44A1CFC855000D8C1E1 /* OCDragon.m */,
				A9054A171D18CDBF00B30AFA /* OCMythicalDragon.h */,
				A9054A181D18CDBF00B30AFA /* OCMythicalDragon.m */,
				A93208831CFF4D12004DB9B7 /* OCDragonStats.h */,
				A93208841CFF4D12004DB9B7 /* OCDragonStats.m */,
				A9CAF4571CFC91C400D8C1E1 /* OCDragonQuestInfo.h */,
				A9CAF4581CFC91C400D8C1E1 /* OCDragonQuestInfo.m */,
				A9CAF44B1CFC855000D8C1E1 /* OCPlayer.h */,
				A9CAF44C1CFC855000D8C1E1 /* OCPlayer.m */,
				A9CAF44F1CFC859800D8C1E1 /* OCCharacter.h */,
				A9CAF4521CFC85A700D8C1E1 /* OCCharacter.m */,
				A9E2EC851CFA7C2A0003F433 /* OCskill.h */,
				A9E2EC861CFA7C2A0003F433 /* OCskill.m */,
				A97B71871CFC6FA700192C32 /* OCMultiplierSkill.h */,
				A97B71881CFC6FA800192C32 /* OCMultiplierSkill.m */,
				A9CAF4541CFC8B3B00D8C1E1 /* OCQuest.h */,
				A9CAF4551CFC8B3B00D8C1E1 /* OCQuest.m */,
				A93522EA1CFD08CB00A36F98 /* OCRegion.h */,
				A93522EB1CFD08CB00A36F98 /* OCRegion.m */,
				A978B6AD1D03B26B004311FC /* OCBuilding.h */,
				A978B6AE1D03B26B004311FC /* OCBuilding.m */,
				A978B6B01D03B90C004311FC /* OCBase.h */,
				A978B6B11D03B90C004311FC /* OCBase.m */,
				A98D60141CEE648E008F4AE7 /* AppDelegate.h */,
				A98D60151CEE648E008F4AE7 /* AppDelegate.m */,
				A98D604A1CEE7C22008F4AE7 /* LoadingScreen_ViewController.h */,
				A98D604B1CEE7C22008F4AE7 /* LoadingScreen_ViewController.m */,
				A92F4DDA1CEF50BE00BB7FC1 /* Base_ViewController.h */,
				A92F4DDB1CEF50BE00BB7FC1 /* Base_ViewController.m */,
				A98D60441CEE6D29008F4AE7 /* Map_ViewController.h */,
				A98D60451CEE6D29008F4AE7 /* Map_ViewController.m */,
				A93A92181CFFB1B3006FFBBC /* Region_ViewController.h */,
				A93A92191CFFB1B3006FFBBC /* Region_ViewController.m */,
				A98D60471CEE6E14008F4AE7 /* Settings_ViewController.h */,
				A98D60481CEE6E14008F4AE7 /* Settings_ViewController.m */,
				A91267F11D07598E00CC24C7 /* DragonList_ViewController.h */,
				A91267F21D07598E00CC24C7 /* DragonList_ViewController.m */,
				A9054A1A1D18D47F00B30AFA /* DragonName_ViewController.h */,
				A9054A1B1D18D47F00B30AFA /* DragonName_ViewController.m */,
				A98D601A1CEE648E008F4AE7 /* Main.storyboard */,
				A98D601D1CEE648E008F4AE7 /* Assets.xcassets */,
				A98D601F1CEE648E008F4AE7 /* LaunchScreen.storyboard */,
				A98D60221CEE648E008F4AE7 /* Info.plist */,
				A98D60111CEE648E008F4AE7 /* Supporting Files */,
			);
			path = dragonite_project_ios;
			sourceTree = "<group>";
		};
		A98D60111CEE648E008F4AE7 /* Supporting Files */ = {
			isa = PBXGroup;
			children = (
				A99BB4D11D0CC3F100FD11B4 /* main_map.png */,
				A99BB4CF1D0C90FD00FD11B4 /* witch_king.png */,
				A92F4DDD1CEF538100BB7FC1 /* pokemon_dp_map.png */,
				A97915A41D00BFCC00F0951D /* dragon_sample.jpg */,
				A9054A211D1A175A00B30AFA /* slifer.jpg */,
				A98D60121CEE648E008F4AE7 /* main.m */,
			);
			name = "Supporting Files";
			sourceTree = "<group>";
		};
		A98D602A1CEE648E008F4AE7 /* dragonite_project_iosTests */ = {
			isa = PBXGroup;
			children = (
				A98D602B1CEE648E008F4AE7 /* dragonite_project_iosTests.m */,
				A98D602D1CEE648E008F4AE7 /* Info.plist */,
			);
			path = dragonite_project_iosTests;
			sourceTree = "<group>";
		};
		A98D60351CEE648E008F4AE7 /* dragonite_project_iosUITests */ = {
			isa = PBXGroup;
			children = (
				A98D60361CEE648E008F4AE7 /* dragonite_project_iosUITests.m */,
				A98D60381CEE648E008F4AE7 /* Info.plist */,
			);
			path = dragonite_project_iosUITests;
			sourceTree = "<group>";
		};
/* End PBXGroup section */

/* Begin PBXNativeTarget section */
		A98D600D1CEE648E008F4AE7 /* dragonite_project_ios */ = {
			isa = PBXNativeTarget;
			buildConfigurationList = A98D603B1CEE648E008F4AE7 /* Build configuration list for PBXNativeTarget "dragonite_project_ios" */;
			buildPhases = (
				A98D600A1CEE648E008F4AE7 /* Sources */,
				A98D600B1CEE648E008F4AE7 /* Frameworks */,
				A98D600C1CEE648E008F4AE7 /* Resources */,
			);
			buildRules = (
			);
			dependencies = (
			);
			name = dragonite_project_ios;
			productName = dragonite_project_ios;
			productReference = A98D600E1CEE648E008F4AE7 /* dragonite_project_ios.app */;
			productType = "com.apple.product-type.application";
		};
		A98D60261CEE648E008F4AE7 /* dragonite_project_iosTests */ = {
			isa = PBXNativeTarget;
			buildConfigurationList = A98D603E1CEE648E008F4AE7 /* Build configuration list for PBXNativeTarget "dragonite_project_iosTests" */;
			buildPhases = (
				A98D60231CEE648E008F4AE7 /* Sources */,
				A98D60241CEE648E008F4AE7 /* Frameworks */,
				A98D60251CEE648E008F4AE7 /* Resources */,
			);
			buildRules = (
			);
			dependencies = (
				A98D60291CEE648E008F4AE7 /* PBXTargetDependency */,
			);
			name = dragonite_project_iosTests;
			productName = dragonite_project_iosTests;
			productReference = A98D60271CEE648E008F4AE7 /* dragonite_project_iosTests.xctest */;
			productType = "com.apple.product-type.bundle.unit-test";
		};
		A98D60311CEE648E008F4AE7 /* dragonite_project_iosUITests */ = {
			isa = PBXNativeTarget;
			buildConfigurationList = A98D60411CEE648E008F4AE7 /* Build configuration list for PBXNativeTarget "dragonite_project_iosUITests" */;
			buildPhases = (
				A98D602E1CEE648E008F4AE7 /* Sources */,
				A98D602F1CEE648E008F4AE7 /* Frameworks */,
				A98D60301CEE648E008F4AE7 /* Resources */,
			);
			buildRules = (
			);
			dependencies = (
				A98D60341CEE648E008F4AE7 /* PBXTargetDependency */,
			);
			name = dragonite_project_iosUITests;
			productName = dragonite_project_iosUITests;
			productReference = A98D60321CEE648E008F4AE7 /* dragonite_project_iosUITests.xctest */;
			productType = "com.apple.product-type.bundle.ui-testing";
		};
/* End PBXNativeTarget section */

/* Begin PBXProject section */
		A98D60061CEE648E008F4AE7 /* Project object */ = {
			isa = PBXProject;
			attributes = {
				LastUpgradeCheck = 0720;
				ORGANIZATIONNAME = X;
				TargetAttributes = {
					A98D600D1CEE648E008F4AE7 = {
						CreatedOnToolsVersion = 7.2.1;
					};
					A98D60261CEE648E008F4AE7 = {
						CreatedOnToolsVersion = 7.2.1;
						TestTargetID = A98D600D1CEE648E008F4AE7;
					};
					A98D60311CEE648E008F4AE7 = {
						CreatedOnToolsVersion = 7.2.1;
						TestTargetID = A98D600D1CEE648E008F4AE7;
					};
				};
			};
			buildConfigurationList = A98D60091CEE648E008F4AE7 /* Build configuration list for PBXProject "dragonite_project_ios" */;
			compatibilityVersion = "Xcode 3.2";
			developmentRegion = English;
			hasScannedForEncodings = 0;
			knownRegions = (
				en,
				Base,
			);
			mainGroup = A98D60051CEE648E008F4AE7;
			productRefGroup = A98D600F1CEE648E008F4AE7 /* Products */;
			projectDirPath = "";
			projectRoot = "";
			targets = (
				A98D600D1CEE648E008F4AE7 /* dragonite_project_ios */,
				A98D60261CEE648E008F4AE7 /* dragonite_project_iosTests */,
				A98D60311CEE648E008F4AE7 /* dragonite_project_iosUITests */,
			);
		};
/* End PBXProject section */

/* Begin PBXResourcesBuildPhase section */
		A98D600C1CEE648E008F4AE7 /* Resources */ = {
			isa = PBXResourcesBuildPhase;
			buildActionMask = 2147483647;
			files = (
				A9054A1D1D194F0900B30AFA /* Main.storyboard in Resources */,
				A98D60211CEE648E008F4AE7 /* LaunchScreen.storyboard in Resources */,
				A97915A51D00BFCC00F0951D /* dragon_sample.jpg in Resources */,
				A98D601E1CEE648E008F4AE7 /* Assets.xcassets in Resources */,
				A92F4DDE1CEF538100BB7FC1 /* pokemon_dp_map.png in Resources */,
				A99BB4D01D0C90FD00FD11B4 /* witch_king.png in Resources */,
				A9054A221D1A175A00B30AFA /* slifer.jpg in Resources */,
				A99BB4D21D0CC3F100FD11B4 /* main_map.png in Resources */,
			);
			runOnlyForDeploymentPostprocessing = 0;
		};
		A98D60251CEE648E008F4AE7 /* Resources */ = {
			isa = PBXResourcesBuildPhase;
			buildActionMask = 2147483647;
			files = (
			);
			runOnlyForDeploymentPostprocessing = 0;
		};
		A98D60301CEE648E008F4AE7 /* Resources */ = {
			isa = PBXResourcesBuildPhase;
			buildActionMask = 2147483647;
			files = (
			);
			runOnlyForDeploymentPostprocessing = 0;
		};
/* End PBXResourcesBuildPhase section */

/* Begin PBXSourcesBuildPhase section */
		A98D600A1CEE648E008F4AE7 /* Sources */ = {
			isa = PBXSourcesBuildPhase;
			buildActionMask = 2147483647;
			files = (
				A9CAF44E1CFC855000D8C1E1 /* OCPlayer.m in Sources */,
				A9CAF4531CFC85A700D8C1E1 /* OCCharacter.m in Sources */,
				A98D60491CEE6E14008F4AE7 /* Settings_ViewController.m in Sources */,
				A9054A191D18CDBF00B30AFA /* OCMythicalDragon.m in Sources */,
				A9CAF4591CFC91C400D8C1E1 /* OCDragonQuestInfo.m in Sources */,
				A978B6B21D03B90C004311FC /* OCBase.m in Sources */,
				A91267F31D07598E00CC24C7 /* DragonList_ViewController.m in Sources */,
				A93A921A1CFFB1B3006FFBBC /* Region_ViewController.m in Sources */,
				A9054A1C1D18D47F00B30AFA /* DragonName_ViewController.m in Sources */,
				A98D60161CEE648E008F4AE7 /* AppDelegate.m in Sources */,
				A98D604C1CEE7C22008F4AE7 /* LoadingScreen_ViewController.m in Sources */,
				A9E2EC871CFA7C2A0003F433 /* OCskill.m in Sources */,
				A98D60131CEE648E008F4AE7 /* main.m in Sources */,
				A93522EC1CFD08CB00A36F98 /* OCRegion.m in Sources */,
				A97B71891CFC6FA800192C32 /* OCMultiplierSkill.m in Sources */,
				A93208851CFF4D12004DB9B7 /* OCDragonStats.m in Sources */,
				A98D60461CEE6D29008F4AE7 /* Map_ViewController.m in Sources */,
				A978B6AF1D03B26B004311FC /* OCBuilding.m in Sources */,
				A9CAF4561CFC8B3B00D8C1E1 /* OCQuest.m in Sources */,
				A9C2FBCF1D13532000B65069 /* OCAchievement.m in Sources */,
				A92F4DDC1CEF50BE00BB7FC1 /* Base_ViewController.m in Sources */,
				A9CAF44D1CFC855000D8C1E1 /* OCDragon.m in Sources */,
			);
			runOnlyForDeploymentPostprocessing = 0;
		};
		A98D60231CEE648E008F4AE7 /* Sources */ = {
			isa = PBXSourcesBuildPhase;
			buildActionMask = 2147483647;
			files = (
				A98D602C1CEE648E008F4AE7 /* dragonite_project_iosTests.m in Sources */,
			);
			runOnlyForDeploymentPostprocessing = 0;
		};
		A98D602E1CEE648E008F4AE7 /* Sources */ = {
			isa = PBXSourcesBuildPhase;
			buildActionMask = 2147483647;
			files = (
				A98D60371CEE648E008F4AE7 /* dragonite_project_iosUITests.m in Sources */,
			);
			runOnlyForDeploymentPostprocessing = 0;
		};
/* End PBXSourcesBuildPhase section */

/* Begin PBXTargetDependency section */
		A98D60291CEE648E008F4AE7 /* PBXTargetDependency */ = {
			isa = PBXTargetDependency;
			target = A98D600D1CEE648E008F4AE7 /* dragonite_project_ios */;
			targetProxy = A98D60281CEE648E008F4AE7 /* PBXContainerItemProxy */;
		};
		A98D60341CEE648E008F4AE7 /* PBXTargetDependency */ = {
			isa = PBXTargetDependency;
			target = A98D600D1CEE648E008F4AE7 /* dragonite_project_ios */;
			targetProxy = A98D60331CEE648E008F4AE7 /* PBXContainerItemProxy */;
		};
/* End PBXTargetDependency section */

/* Begin PBXVariantGroup section */
		A98D601A1CEE648E008F4AE7 /* Main.storyboard */ = {
			isa = PBXVariantGroup;
			children = (
				A98D601B1CEE648E008F4AE7 /* Base */,
			);
			name = Main.storyboard;
			sourceTree = "<group>";
		};
		A98D601F1CEE648E008F4AE7 /* LaunchScreen.storyboard */ = {
			isa = PBXVariantGroup;
			children = (
				A98D60201CEE648E008F4AE7 /* Base */,
			);
			name = LaunchScreen.storyboard;
			sourceTree = "<group>";
		};
/* End PBXVariantGroup section */

/* Begin XCBuildConfiguration section */
		A98D60391CEE648E008F4AE7 /* Debug */ = {
			isa = XCBuildConfiguration;
			buildSettings = {
				ALWAYS_SEARCH_USER_PATHS = NO;
				CLANG_CXX_LANGUAGE_STANDARD = "gnu++0x";
				CLANG_CXX_LIBRARY = "libc++";
				CLANG_ENABLE_MODULES = YES;
				CLANG_ENABLE_OBJC_ARC = YES;
				CLANG_WARN_BOOL_CONVERSION = YES;
				CLANG_WARN_CONSTANT_CONVERSION = YES;
				CLANG_WARN_DIRECT_OBJC_ISA_USAGE = YES_ERROR;
				CLANG_WARN_EMPTY_BODY = YES;
				CLANG_WARN_ENUM_CONVERSION = YES;
				CLANG_WARN_INT_CONVERSION = YES;
				CLANG_WARN_OBJC_ROOT_CLASS = YES_ERROR;
				CLANG_WARN_UNREACHABLE_CODE = YES;
				CLANG_WARN__DUPLICATE_METHOD_MATCH = YES;
				"CODE_SIGN_IDENTITY[sdk=iphoneos*]" = "iPhone Developer";
				COPY_PHASE_STRIP = NO;
				DEBUG_INFORMATION_FORMAT = dwarf;
				ENABLE_STRICT_OBJC_MSGSEND = YES;
				ENABLE_TESTABILITY = YES;
				GCC_C_LANGUAGE_STANDARD = gnu99;
				GCC_DYNAMIC_NO_PIC = NO;
				GCC_NO_COMMON_BLOCKS = YES;
				GCC_OPTIMIZATION_LEVEL = 0;
				GCC_PREPROCESSOR_DEFINITIONS = (
					"DEBUG=1",
					"$(inherited)",
				);
				GCC_WARN_64_TO_32_BIT_CONVERSION = YES;
				GCC_WARN_ABOUT_RETURN_TYPE = YES_ERROR;
				GCC_WARN_UNDECLARED_SELECTOR = YES;
				GCC_WARN_UNINITIALIZED_AUTOS = YES_AGGRESSIVE;
				GCC_WARN_UNUSED_FUNCTION = YES;
				GCC_WARN_UNUSED_VARIABLE = YES;
				IPHONEOS_DEPLOYMENT_TARGET = 9.2;
				MTL_ENABLE_DEBUG_INFO = YES;
				ONLY_ACTIVE_ARCH = YES;
				SDKROOT = iphoneos;
				TARGETED_DEVICE_FAMILY = "1,2";
			};
			name = Debug;
		};
		A98D603A1CEE648E008F4AE7 /* Release */ = {
			isa = XCBuildConfiguration;
			buildSettings = {
				ALWAYS_SEARCH_USER_PATHS = NO;
				CLANG_CXX_LANGUAGE_STANDARD = "gnu++0x";
				CLANG_CXX_LIBRARY = "libc++";
				CLANG_ENABLE_MODULES = YES;
				CLANG_ENABLE_OBJC_ARC = YES;
				CLANG_WARN_BOOL_CONVERSION = YES;
				CLANG_WARN_CONSTANT_CONVERSION = YES;
				CLANG_WARN_DIRECT_OBJC_ISA_USAGE = YES_ERROR;
				CLANG_WARN_EMPTY_BODY = YES;
				CLANG_WARN_ENUM_CONVERSION = YES;
				CLANG_WARN_INT_CONVERSION = YES;
				CLANG_WARN_OBJC_ROOT_CLASS = YES_ERROR;
				CLANG_WARN_UNREACHABLE_CODE = YES;
				CLANG_WARN__DUPLICATE_METHOD_MATCH = YES;
				"CODE_SIGN_IDENTITY[sdk=iphoneos*]" = "iPhone Developer";
				COPY_PHASE_STRIP = NO;
				DEBUG_INFORMATION_FORMAT = "dwarf-with-dsym";
				ENABLE_NS_ASSERTIONS = NO;
				ENABLE_STRICT_OBJC_MSGSEND = YES;
				GCC_C_LANGUAGE_STANDARD = gnu99;
				GCC_NO_COMMON_BLOCKS = YES;
				GCC_WARN_64_TO_32_BIT_CONVERSION = YES;
				GCC_WARN_ABOUT_RETURN_TYPE = YES_ERROR;
				GCC_WARN_UNDECLARED_SELECTOR = YES;
				GCC_WARN_UNINITIALIZED_AUTOS = YES_AGGRESSIVE;
				GCC_WARN_UNUSED_FUNCTION = YES;
				GCC_WARN_UNUSED_VARIABLE = YES;
				IPHONEOS_DEPLOYMENT_TARGET = 9.2;
				MTL_ENABLE_DEBUG_INFO = NO;
				SDKROOT = iphoneos;
				TARGETED_DEVICE_FAMILY = "1,2";
				VALIDATE_PRODUCT = YES;
			};
			name = Release;
		};
		A98D603C1CEE648E008F4AE7 /* Debug */ = {
			isa = XCBuildConfiguration;
			buildSettings = {
				INFOPLIST_FILE = dragonite_project_ios/Info.plist;
				LD_RUNPATH_SEARCH_PATHS = "$(inherited) @executable_path/Frameworks";
				PRODUCT_BUNDLE_IDENTIFIER = "X.dragonite-project-ios";
				PRODUCT_NAME = "$(TARGET_NAME)";
			};
			name = Debug;
		};
		A98D603D1CEE648E008F4AE7 /* Release */ = {
			isa = XCBuildConfiguration;
			buildSettings = {
				INFOPLIST_FILE = dragonite_project_ios/Info.plist;
				LD_RUNPATH_SEARCH_PATHS = "$(inherited) @executable_path/Frameworks";
				PRODUCT_BUNDLE_IDENTIFIER = "X.dragonite-project-ios";
				PRODUCT_NAME = "$(TARGET_NAME)";
			};
			name = Release;
		};
		A98D603F1CEE648E008F4AE7 /* Debug */ = {
			isa = XCBuildConfiguration;
			buildSettings = {
				BUNDLE_LOADER = "$(TEST_HOST)";
				INFOPLIST_FILE = dragonite_project_iosTests/Info.plist;
				LD_RUNPATH_SEARCH_PATHS = "$(inherited) @executable_path/Frameworks @loader_path/Frameworks";
				PRODUCT_BUNDLE_IDENTIFIER = "X.dragonite-project-iosTests";
				PRODUCT_NAME = "$(TARGET_NAME)";
				TEST_HOST = "$(BUILT_PRODUCTS_DIR)/dragonite_project_ios.app/dragonite_project_ios";
			};
			name = Debug;
		};
		A98D60401CEE648E008F4AE7 /* Release */ = {
			isa = XCBuildConfiguration;
			buildSettings = {
				BUNDLE_LOADER = "$(TEST_HOST)";
				INFOPLIST_FILE = dragonite_project_iosTests/Info.plist;
				LD_RUNPATH_SEARCH_PATHS = "$(inherited) @executable_path/Frameworks @loader_path/Frameworks";
				PRODUCT_BUNDLE_IDENTIFIER = "X.dragonite-project-iosTests";
				PRODUCT_NAME = "$(TARGET_NAME)";
				TEST_HOST = "$(BUILT_PRODUCTS_DIR)/dragonite_project_ios.app/dragonite_project_ios";
			};
			name = Release;
		};
		A98D60421CEE648E008F4AE7 /* Debug */ = {
			isa = XCBuildConfiguration;
			buildSettings = {
				INFOPLIST_FILE = dragonite_project_iosUITests/Info.plist;
				LD_RUNPATH_SEARCH_PATHS = "$(inherited) @executable_path/Frameworks @loader_path/Frameworks";
				PRODUCT_BUNDLE_IDENTIFIER = "X.dragonite-project-iosUITests";
				PRODUCT_NAME = "$(TARGET_NAME)";
				TEST_TARGET_NAME = dragonite_project_ios;
				USES_XCTRUNNER = YES;
			};
			name = Debug;
		};
		A98D60431CEE648E008F4AE7 /* Release */ = {
			isa = XCBuildConfiguration;
			buildSettings = {
				INFOPLIST_FILE = dragonite_project_iosUITests/Info.plist;
				LD_RUNPATH_SEARCH_PATHS = "$(inherited) @executable_path/Frameworks @loader_path/Frameworks";
				PRODUCT_BUNDLE_IDENTIFIER = "X.dragonite-project-iosUITests";
				PRODUCT_NAME = "$(TARGET_NAME)";
				TEST_TARGET_NAME = dragonite_project_ios;
				USES_XCTRUNNER = YES;
			};
			name = Release;
		};
/* End XCBuildConfiguration section */

/* Begin XCConfigurationList section */
		A98D60091CEE648E008F4AE7 /* Build configuration list for PBXProject "dragonite_project_ios" */ = {
			isa = XCConfigurationList;
			buildConfigurations = (
				A98D60391CEE648E008F4AE7 /* Debug */,
				A98D603A1CEE648E008F4AE7 /* Release */,
			);
			defaultConfigurationIsVisible = 0;
			defaultConfigurationName = Release;
		};
		A98D603B1CEE648E008F4AE7 /* Build configuration list for PBXNativeTarget "dragonite_project_ios" */ = {
			isa = XCConfigurationList;
			buildConfigurations = (
				A98D603C1CEE648E008F4AE7 /* Debug */,
				A98D603D1CEE648E008F4AE7 /* Release */,
			);
			defaultConfigurationIsVisible = 0;
			defaultConfigurationName = Release;
		};
		A98D603E1CEE648E008F4AE7 /* Build configuration list for PBXNativeTarget "dragonite_project_iosTests" */ = {
			isa = XCConfigurationList;
			buildConfigurations = (
				A98D603F1CEE648E008F4AE7 /* Debug */,
				A98D60401CEE648E008F4AE7 /* Release */,
			);
			defaultConfigurationIsVisible = 0;
			defaultConfigurationName = Release;
		};
		A98D60411CEE648E008F4AE7 /* Build configuration list for PBXNativeTarget "dragonite_project_iosUITests" */ = {
			isa = XCConfigurationList;
			buildConfigurations = (
				A98D60421CEE648E008F4AE7 /* Debug */,
				A98D60431CEE648E008F4AE7 /* Release */,
			);
			defaultConfigurationIsVisible = 0;
			defaultConfigurationName = Release;
		};
/* End XCConfigurationList section */
	};
	rootObject = A98D60061CEE648E008F4AE7 /* Project object */;
}
